
Microsoft Visual Studio Solution File, Format Version 12.00
# Visual Studio 14
VisualStudioVersion = 14.0.25420.1
MinimumVisualStudioVersion = 10.0.40219.1
Project("{FAE04EC0-301F-11D3-BF4B-00C04F79EFBC}") = "PomfSharp", "PomfSharp\PomfSharp.csproj", "{03367054-9691-48AE-9F5C-8F7E63141880}"
EndProject
Project("{FAE04EC0-301F-11D3-BF4B-00C04F79EFBC}") = "PomfSharp.Tests", "PomfSharp.Tests\PomfSharp.Tests.csproj", "{D1FF36C6-10FA-497C-91C5-99FA80E3E922}"
EndProject
Project("{FAE04EC0-301F-11D3-BF4B-00C04F79EFBC}") = "PomfSharpCdn", "PomfSharpCdn\PomfSharpCdn.csproj", "{C56C848B-C802-4D6D-B394-B65BA50497BB}"
EndProject
Project("{FAE04EC0-301F-11D3-BF4B-00C04F79EFBC}") = "PomfSharpCdn.Tests", "PomfSharpCdn.Tests\PomfSharpCdn.Tests.csproj", "{13B6D27E-8316-4182-BCC9-2865D7AB2CE1}"
EndProject
Global
	GlobalSection(SolutionConfigurationPlatforms) = preSolution
		Debug|Any CPU = Debug|Any CPU
		Release|Any CPU = Release|Any CPU
	EndGlobalSection
	GlobalSection(ProjectConfigurationPlatforms) = postSolution
		{03367054-9691-48AE-9F5C-8F7E63141880}.Debug|Any CPU.ActiveCfg = Debug|Any CPU
		{03367054-9691-48AE-9F5C-8F7E63141880}.Debug|Any CPU.Build.0 = Debug|Any CPU
		{03367054-9691-48AE-9F5C-8F7E63141880}.Release|Any CPU.ActiveCfg = Release|Any CPU
		{03367054-9691-48AE-9F5C-8F7E63141880}.Release|Any CPU.Build.0 = Release|Any CPU
		{D1FF36C6-10FA-497C-91C5-99FA80E3E922}.Debug|Any CPU.ActiveCfg = Debug|Any CPU
		{D1FF36C6-10FA-497C-91C5-99FA80E3E922}.Debug|Any CPU.Build.0 = Debug|Any CPU
		{D1FF36C6-10FA-497C-91C5-99FA80E3E922}.Release|Any CPU.ActiveCfg = Release|Any CPU
		{D1FF36C6-10FA-497C-91C5-99FA80E3E922}.Release|Any CPU.Build.0 = Release|Any CPU
		{C56C848B-C802-4D6D-B394-B65BA50497BB}.Debug|Any CPU.ActiveCfg = Debug|Any CPU
		{C56C848B-C802-4D6D-B394-B65BA50497BB}.Debug|Any CPU.Build.0 = Debug|Any CPU
		{C56C848B-C802-4D6D-B394-B65BA50497BB}.Release|Any CPU.ActiveCfg = Release|Any CPU
		{C56C848B-C802-4D6D-B394-B65BA50497BB}.Release|Any CPU.Build.0 = Release|Any CPU
		{13B6D27E-8316-4182-BCC9-2865D7AB2CE1}.Debug|Any CPU.ActiveCfg = Debug|Any CPU
		{13B6D27E-8316-4182-BCC9-2865D7AB2CE1}.Debug|Any CPU.Build.0 = Debug|Any CPU
		{13B6D27E-8316-4182-BCC9-2865D7AB2CE1}.Release|Any CPU.ActiveCfg = Release|Any CPU
		{13B6D27E-8316-4182-BCC9-2865D7AB2CE1}.Release|Any CPU.Build.0 = Release|Any CPU
	EndGlobalSection
	GlobalSection(SolutionProperties) = preSolution
		HideSolutionNode = FALSE
	EndGlobalSection
EndGlobal
